<?xml version="1.0" encoding="UTF-8" standalone="yes" ?>
<CodeBlocks_project_file>
	<FileVersion major="1" minor="6" />
	<Project>
		<Option title="WS" />
		<Option pch_mode="2" />
		<Option compiler="null" />
		<Build>
			<Target title="None">
				<Option output="./WS" prefix_auto="1" extension_auto="1" />
				<Option object_output="./" />
				<Option type="1" />
				<Option compiler="null" />
			</Target>
		</Build>
		<Unit filename="AmmoCategory.json" />
		<Unit filename="WS.layout" />
		<Unit filename="ammunitionBox/MG/AmmunitionBox_UKMG_01x.json" />
		<Unit filename="ammunitionBox/MG/AmmunitionBox_UKMG_02x.json" />
		<Unit filename="ammunitionBox/MG/AmmunitionBox_UKMG_05x.json" />
		<Unit filename="ammunitionBox/MG/AmmunitionBox_UKMG_10x.json" />
		<Unit filename="ammunitionBox/MG/AmmunitionBox_UKMG_25x.json" />
		<Unit filename="ammunitionBox/Reaper_AC/Ammo_AmmunitionBox_Reaper_Heavy_01x.json" />
		<Unit filename="ammunitionBox/Reaper_AC/Ammo_AmmunitionBox_Reaper_Heavy_02x.json" />
		<Unit filename="ammunitionBox/Reaper_AC/Ammo_AmmunitionBox_Reaper_Heavy_05x.json" />
		<Unit filename="ammunitionBox/Reaper_AC/Ammo_AmmunitionBox_Reaper_Heavy_10x.json" />
		<Unit filename="ammunitionBox/Reaper_AC/Ammo_AmmunitionBox_Reaper_Heavy_25x.json" />
		<Unit filename="ammunitionBox/Reaper_AC/Ammo_AmmunitionBox_Reaper_Heavy_Burst_01x.json" />
		<Unit filename="ammunitionBox/Reaper_AC/Ammo_AmmunitionBox_Reaper_Heavy_Burst_02x.json" />
		<Unit filename="ammunitionBox/Reaper_AC/Ammo_AmmunitionBox_Reaper_Heavy_Burst_05x.json" />
		<Unit filename="ammunitionBox/Reaper_AC/Ammo_AmmunitionBox_Reaper_Heavy_Burst_10x.json" />
		<Unit filename="ammunitionBox/Reaper_AC/Ammo_AmmunitionBox_Reaper_Heavy_Burst_25x.json" />
		<Unit filename="ammunitionBox/Reaper_AC/Ammo_AmmunitionBox_Reaper_Light_01x.json" />
		<Unit filename="ammunitionBox/Reaper_AC/Ammo_AmmunitionBox_Reaper_Light_02x.json" />
		<Unit filename="ammunitionBox/Reaper_AC/Ammo_AmmunitionBox_Reaper_Light_05x.json" />
		<Unit filename="ammunitionBox/Reaper_AC/Ammo_AmmunitionBox_Reaper_Light_10x.json" />
		<Unit filename="ammunitionBox/Reaper_AC/Ammo_AmmunitionBox_Reaper_Light_25x.json" />
		<Unit filename="ammunitionBox/Reaper_AC/Ammo_AmmunitionBox_Reaper_Light_Burst_01x.json" />
		<Unit filename="ammunitionBox/Reaper_AC/Ammo_AmmunitionBox_Reaper_Light_Burst_02x.json" />
		<Unit filename="ammunitionBox/Reaper_AC/Ammo_AmmunitionBox_Reaper_Light_Burst_05x.json" />
		<Unit filename="ammunitionBox/Reaper_AC/Ammo_AmmunitionBox_Reaper_Light_Burst_10x.json" />
		<Unit filename="ammunitionBox/Reaper_AC/Ammo_AmmunitionBox_Reaper_Light_Burst_25x.json" />
		<Unit filename="ammunitionBox/Reaper_AC/Ammo_AmmunitionBox_Reaper_Medium_01x.json" />
		<Unit filename="ammunitionBox/Reaper_AC/Ammo_AmmunitionBox_Reaper_Medium_02x.json" />
		<Unit filename="ammunitionBox/Reaper_AC/Ammo_AmmunitionBox_Reaper_Medium_05x.json" />
		<Unit filename="ammunitionBox/Reaper_AC/Ammo_AmmunitionBox_Reaper_Medium_10x.json" />
		<Unit filename="ammunitionBox/Reaper_AC/Ammo_AmmunitionBox_Reaper_Medium_25x.json" />
		<Unit filename="ammunitionBox/Reaper_AC/Ammo_AmmunitionBox_Reaper_Medium_Burst_01x.json" />
		<Unit filename="ammunitionBox/Reaper_AC/Ammo_AmmunitionBox_Reaper_Medium_Burst_02x.json" />
		<Unit filename="ammunitionBox/Reaper_AC/Ammo_AmmunitionBox_Reaper_Medium_Burst_05x.json" />
		<Unit filename="ammunitionBox/Reaper_AC/Ammo_AmmunitionBox_Reaper_Medium_Burst_10x.json" />
		<Unit filename="ammunitionBox/Reaper_AC/Ammo_AmmunitionBox_Reaper_Medium_Burst_25x.json" />
		<Unit filename="ammunitionBox/Reaper_AC/Ammo_AmmunitionBox_Reaper_Sniper_01x.json" />
		<Unit filename="ammunitionBox/Reaper_AC/Ammo_AmmunitionBox_Reaper_Sniper_02x.json" />
		<Unit filename="ammunitionBox/Reaper_AC/Ammo_AmmunitionBox_Reaper_Sniper_05x.json" />
		<Unit filename="ammunitionBox/Reaper_AC/Ammo_AmmunitionBox_Reaper_Sniper_10x.json" />
		<Unit filename="ammunitionBox/Reaper_AC/Ammo_AmmunitionBox_Reaper_Sniper_25x.json" />
		<Unit filename="ammunitionBox/Reaper_AC/Ammo_AmmunitionBox_Reaper_Ultra_01x.json" />
		<Unit filename="ammunitionBox/Reaper_AC/Ammo_AmmunitionBox_Reaper_Ultra_03x.json" />
		<Unit filename="ammunitionBox/Reaper_AC/Ammo_AmmunitionBox_Reaper_Ultra_05x.json" />
		<Unit filename="ammunitionBox/Rocket/Ammo_AmmunitionBox_DFR_01x.json" />
		<Unit filename="ammunitionBox/Rocket/Ammo_AmmunitionBox_DFR_02x.json" />
		<Unit filename="ammunitionBox/Rocket/Ammo_AmmunitionBox_DFR_05x.json" />
		<Unit filename="ammunitionBox/Rocket/Ammo_AmmunitionBox_DFR_10x.json" />
		<Unit filename="ammunitionBox/Rocket/Ammo_AmmunitionBox_DFR_25x.json" />
		<Unit filename="ammunitionBox/Rocket/Ammo_AmmunitionBox_ViperR_01x.json" />
		<Unit filename="ammunitionBox/Rocket/Ammo_AmmunitionBox_ViperR_02x.json" />
		<Unit filename="ammunitionBox/Rocket/Ammo_AmmunitionBox_ViperR_05x.json" />
		<Unit filename="ammunitionBox/Rocket/Ammo_AmmunitionBox_ViperR_10x.json" />
		<Unit filename="ammunitionBox/Rocket/Ammo_AmmunitionBox_ViperR_25x.json" />
		<Unit filename="ammunitionBox/Wastemaker_AC/Ammo_AmmunitionBox_Wastemaker_Light_01x.json" />
		<Unit filename="ammunitionBox/Wastemaker_AC/Ammo_AmmunitionBox_Wastemaker_Light_02x.json" />
		<Unit filename="ammunitionBox/Wastemaker_AC/Ammo_AmmunitionBox_Wastemaker_Light_05x.json" />
		<Unit filename="ammunitionBox/Wastemaker_AC/Ammo_AmmunitionBox_Wastemaker_Light_10x.json" />
		<Unit filename="ammunitionBox/Wastemaker_AC/Ammo_AmmunitionBox_Wastemaker_Light_25x.json" />
		<Unit filename="ammunition/Ammunition_DFR.json" />
		<Unit filename="ammunition/Ammunition_Reaper_H.json" />
		<Unit filename="ammunition/Ammunition_Reaper_HB.json" />
		<Unit filename="ammunition/Ammunition_Reaper_L.json" />
		<Unit filename="ammunition/Ammunition_Reaper_LB.json" />
		<Unit filename="ammunition/Ammunition_Reaper_M.json" />
		<Unit filename="ammunition/Ammunition_Reaper_MB.json" />
		<Unit filename="ammunition/Ammunition_Reaper_S.json" />
		<Unit filename="ammunition/Ammunition_Reaper_U.json" />
		<Unit filename="ammunition/Ammunition_UKMG.json" />
		<Unit filename="ammunition/Ammunition_ViperR.json" />
		<Unit filename="ammunition/Ammunition_WM_Hvy.json" />
		<Unit filename="ammunition/Ammunition_WM_Lgt.json" />
		<Unit filename="ammunition/Ammunition_WM_Med.json" />
		<Unit filename="ammunition/Ammunition_WM_Snp.json" />
		<Unit filename="chassis/chassisdef_bazooka_BZ-WS1.json" />
		<Unit filename="chassis/chassisdef_catapult_CPLT-WS.json" />
		<Unit filename="chassis/chassisdef_centurion_CN9-WS.json" />
		<Unit filename="chassis/chassisdef_commando_XCOM-F6.json" />
		<Unit filename="chassis/chassisdef_fireshrike_FS-5FX.json" />
		<Unit filename="chassis/chassisdef_flea_FLE-80.json" />
		<Unit filename="chassis/chassisdef_grasshopper_GHR-WS.json" />
		<Unit filename="chassis/chassisdef_jagermech_JM6-WS.json" />
		<Unit filename="chassis/chassisdef_killer_KLR-86A.json" />
		<Unit filename="chassis/chassisdef_lunatic_LNC-99.json" />
		<Unit filename="chassis/chassisdef_lunatic_LNC-99X.json" />
		<Unit filename="chassis/chassisdef_pest_P-7.json" />
		<Unit filename="chassis/chassisdef_pest_P-7A.json" />
		<Unit filename="chassis/chassisdef_wrathful_WRT-16.json" />
		<Unit filename="chassis_original/chassisdef_annihilator_ANH-1A.json" />
		<Unit filename="chassis_original/chassisdef_annihilator_ANH-JH.json" />
		<Unit filename="chassis_original/chassisdef_archer_ARC-2R.json" />
		<Unit filename="chassis_original/chassisdef_archer_ARC-2S.json" />
		<Unit filename="chassis_original/chassisdef_archer_ARC-LS.json" />
		<Unit filename="chassis_original/chassisdef_archer_ARC-XO.json" />
		<Unit filename="chassis_original/chassisdef_assassin_ASN-101.json" />
		<Unit filename="chassis_original/chassisdef_assassin_ASN-21.json" />
		<Unit filename="chassis_original/chassisdef_atlas_AS7-D-HT.json" />
		<Unit filename="chassis_original/chassisdef_atlas_AS7-D.json" />
		<Unit filename="chassis_original/chassisdef_atlas_AS7-GG.json" />
		<Unit filename="chassis_original/chassisdef_awesome_AWS-8Q.json" />
		<Unit filename="chassis_original/chassisdef_awesome_AWS-8T.json" />
		<Unit filename="chassis_original/chassisdef_banshee_BNC-3E.json" />
		<Unit filename="chassis_original/chassisdef_banshee_BNC-3M.json" />
		<Unit filename="chassis_original/chassisdef_banshee_BNC-3S.json" />
		<Unit filename="chassis_original/chassisdef_battlemaster_BLR-1G.json" />
		<Unit filename="chassis_original/chassisdef_battlemaster_BLR-1GB.json" />
		<Unit filename="chassis_original/chassisdef_battlemaster_BLR-1S.json" />
		<Unit filename="chassis_original/chassisdef_blackjack_BJ-1.json" />
		<Unit filename="chassis_original/chassisdef_blackjack_BJ-1DB.json" />
		<Unit filename="chassis_original/chassisdef_blackknight_BL-6-KNT.json" />
		<Unit filename="chassis_original/chassisdef_blackknight_BL-6b-KNT.json" />
		<Unit filename="chassis_original/chassisdef_bullshark_BSK-M3.json" />
		<Unit filename="chassis_original/chassisdef_bullshark_BSK-MAZ.json" />
		<Unit filename="chassis_original/chassisdef_cataphract_CTF-0X.json" />
		<Unit filename="chassis_original/chassisdef_cataphract_CTF-1X.json" />
		<Unit filename="chassis_original/chassisdef_catapult_CPLT-C1.json" />
		<Unit filename="chassis_original/chassisdef_catapult_CPLT-C4.json" />
		<Unit filename="chassis_original/chassisdef_catapult_CPLT-K2.json" />
		<Unit filename="chassis_original/chassisdef_centurion_CN9-A.json" />
		<Unit filename="chassis_original/chassisdef_centurion_CN9-AL.json" />
		<Unit filename="chassis_original/chassisdef_cicada_CDA-2A.json" />
		<Unit filename="chassis_original/chassisdef_cicada_CDA-3C.json" />
		<Unit filename="chassis_original/chassisdef_commando_COM-1B.json" />
		<Unit filename="chassis_original/chassisdef_commando_COM-2D.json" />
		<Unit filename="chassis_original/chassisdef_crab_CRB-27.json" />
		<Unit filename="chassis_original/chassisdef_crab_CRB-27b.json" />
		<Unit filename="chassis_original/chassisdef_crab__fp_gladiator_BSC-27.json" />
		<Unit filename="chassis_original/chassisdef_cyclops_CP-10-HQ.json" />
		<Unit filename="chassis_original/chassisdef_cyclops_CP-10-Q.json" />
		<Unit filename="chassis_original/chassisdef_cyclops_CP-10-Z.json" />
		<Unit filename="chassis_original/chassisdef_dragon_DRG-1N.json" />
		<Unit filename="chassis_original/chassisdef_enforcer_ENF-4R.json" />
		<Unit filename="chassis_original/chassisdef_firestarter_FS9-H.json" />
		<Unit filename="chassis_original/chassisdef_flea_FLE-15.json" />
		<Unit filename="chassis_original/chassisdef_flea_FLE-4.json" />
		<Unit filename="chassis_original/chassisdef_granddragon_DRG-1G.json" />
		<Unit filename="chassis_original/chassisdef_grasshopper_GHR-5H.json" />
		<Unit filename="chassis_original/chassisdef_griffin_GRF-1N.json" />
		<Unit filename="chassis_original/chassisdef_griffin_GRF-1S.json" />
		<Unit filename="chassis_original/chassisdef_griffin_GRF-4N.json" />
		<Unit filename="chassis_original/chassisdef_hatchetman_HCT-3F.json" />
		<Unit filename="chassis_original/chassisdef_hatchetman_HCT-3X.json" />
		<Unit filename="chassis_original/chassisdef_highlander_HGN-732b.json" />
		<Unit filename="chassis_original/chassisdef_highlander_HGN-733.json" />
		<Unit filename="chassis_original/chassisdef_highlander_HGN-733P.json" />
		<Unit filename="chassis_original/chassisdef_hunchback_HBK-4G.json" />
		<Unit filename="chassis_original/chassisdef_hunchback_HBK-4P.json" />
		<Unit filename="chassis_original/chassisdef_jagermech_JM6-A.json" />
		<Unit filename="chassis_original/chassisdef_jagermech_JM6-S.json" />
		<Unit filename="chassis_original/chassisdef_javelin_JVN-10A.json" />
		<Unit filename="chassis_original/chassisdef_javelin_JVN-10F.json" />
		<Unit filename="chassis_original/chassisdef_javelin_JVN-10N.json" />
		<Unit filename="chassis_original/chassisdef_jenner_JR7-D.json" />
		<Unit filename="chassis_original/chassisdef_kingcrab_KGC-0000.json" />
		<Unit filename="chassis_original/chassisdef_kintaro_KTO-18.json" />
		<Unit filename="chassis_original/chassisdef_locust_LCT-1E.json" />
		<Unit filename="chassis_original/chassisdef_locust_LCT-1M.json" />
		<Unit filename="chassis_original/chassisdef_locust_LCT-1S.json" />
		<Unit filename="chassis_original/chassisdef_locust_LCT-1V.json" />
		<Unit filename="chassis_original/chassisdef_marauder_MAD-2R.json" />
		<Unit filename="chassis_original/chassisdef_marauder_MAD-3D.json" />
		<Unit filename="chassis_original/chassisdef_marauder_MAD-3R.json" />
		<Unit filename="chassis_original/chassisdef_marauder_MAD-BH.json" />
		<Unit filename="chassis_original/chassisdef_marauder_MAD-CM.json" />
		<Unit filename="chassis_original/chassisdef_orion_ON1-K.json" />
		<Unit filename="chassis_original/chassisdef_orion_ON1-V.json" />
		<Unit filename="chassis_original/chassisdef_panther_PNT-9R.json" />
		<Unit filename="chassis_original/chassisdef_phoenixhawk_PXH-1.json" />
		<Unit filename="chassis_original/chassisdef_phoenixhawk_PXH-1K.json" />
		<Unit filename="chassis_original/chassisdef_phoenixhawk_PXH-1b.json" />
		<Unit filename="chassis_original/chassisdef_quickdraw_QKD-4G.json" />
		<Unit filename="chassis_original/chassisdef_quickdraw_QKD-5A.json" />
		<Unit filename="chassis_original/chassisdef_raven_RVN-1X.json" />
		<Unit filename="chassis_original/chassisdef_raven_RVN-3X.json" />
		<Unit filename="chassis_original/chassisdef_rifleman_RFL-3C.json" />
		<Unit filename="chassis_original/chassisdef_rifleman_RFL-3N.json" />
		<Unit filename="chassis_original/chassisdef_rifleman_RFL-4D.json" />
		<Unit filename="chassis_original/chassisdef_rifleman_RFL-RIP.json" />
		<Unit filename="chassis_original/chassisdef_shadowhawk_SHD-2D.json" />
		<Unit filename="chassis_original/chassisdef_shadowhawk_SHD-2H.json" />
		<Unit filename="chassis_original/chassisdef_spider_SDR-5K.json" />
		<Unit filename="chassis_original/chassisdef_spider_SDR-5V.json" />
		<Unit filename="chassis_original/chassisdef_stalker_STK-3F.json" />
		<Unit filename="chassis_original/chassisdef_thunderbolt_TDR-5S.json" />
		<Unit filename="chassis_original/chassisdef_thunderbolt_TDR-5SE.json" />
		<Unit filename="chassis_original/chassisdef_thunderbolt_TDR-5SS.json" />
		<Unit filename="chassis_original/chassisdef_trebuchet_TBT-5N.json" />
		<Unit filename="chassis_original/chassisdef_trebuchet_TBT-7K.json" />
		<Unit filename="chassis_original/chassisdef_urbanmech_UM-R60.json" />
		<Unit filename="chassis_original/chassisdef_urbanmech_UM-R60L.json" />
		<Unit filename="chassis_original/chassisdef_urbanmech_UM-R90.json" />
		<Unit filename="chassis_original/chassisdef_victor_VTR-9B.json" />
		<Unit filename="chassis_original/chassisdef_victor_VTR-9S.json" />
		<Unit filename="chassis_original/chassisdef_vindicator_VND-1AA.json" />
		<Unit filename="chassis_original/chassisdef_vindicator_VND-1R.json" />
		<Unit filename="chassis_original/chassisdef_vulcan_VL-2T.json" />
		<Unit filename="chassis_original/chassisdef_vulcan_VL-5T.json" />
		<Unit filename="chassis_original/chassisdef_warhammer_WHM-6D.json" />
		<Unit filename="chassis_original/chassisdef_warhammer_WHM-6R.json" />
		<Unit filename="chassis_original/chassisdef_warhammer_WHM-7A.json" />
		<Unit filename="chassis_original/chassisdef_warhammer_WHM-BW.json" />
		<Unit filename="chassis_original/chassisdef_wolverine_WVR-6K.json" />
		<Unit filename="chassis_original/chassisdef_wolverine_WVR-6R.json" />
		<Unit filename="chassis_original/chassisdef_zeus_ZEU-5T.json" />
		<Unit filename="chassis_original/chassisdef_zeus_ZEU-6S.json" />
		<Unit filename="chassis_original/chassisdef_zeus_ZEU-6T.json" />
		<Unit filename="heatsinks/Gear_Coolant_Plant_t1_0.json" />
		<Unit filename="heatsinks/Gear_Coolant_Plant_t2_0.json" />
		<Unit filename="heatsinks/Gear_Coolant_Plant_t3_0.json" />
		<Unit filename="heatsinks/Gear_Coolant_Plant_t4_0.json" />
		<Unit filename="heatsinks/Gear_Coolant_Plant_t5_0.json" />
		<Unit filename="jumpjets/Gear_JumpJet_Generic_Assault.json" />
		<Unit filename="jumpjets/Gear_JumpJet_Generic_Heavy.json" />
		<Unit filename="jumpjets/Gear_JumpJet_Generic_Mega.json" />
		<Unit filename="jumpjets/Gear_JumpJet_Generic_Standard.json" />
		<Unit filename="jumpjets/Gear_JumpJet_Spinfang_Elite_Assault.json" />
		<Unit filename="jumpjets/Gear_JumpJet_Spinfang_Elite_Heavy.json" />
		<Unit filename="jumpjets/Gear_JumpJet_Spinfang_Elite_Light.json" />
		<Unit filename="jumpjets/Gear_JumpJet_Spinfang_Elite_Medium.json" />
		<Unit filename="jumpjets/Gear_JumpJet_Spinfang_Elite_Ultra.json" />
		<Unit filename="jumpjets/Gear_JumpJet_Spinfang_Omni.json" />
		<Unit filename="mech/story/mechdef_atlas_AS7-D-HT.json" />
		<Unit filename="mech/story/mechdef_highlander_HGN-732b.json" />
		<Unit filename="mech/ws/mechdef_bazooka_BZ-WS1.json" />
		<Unit filename="mech/ws/mechdef_catapult_CPLT-WS.json" />
		<Unit filename="mech/ws/mechdef_centurion_CN9-WS.json" />
		<Unit filename="mech/ws/mechdef_commando_XCOM-F6.json" />
		<Unit filename="mech/ws/mechdef_commando_XCOM-F6_INIT.json" />
		<Unit filename="mech/ws/mechdef_fireshrike_FS-5FX.json" />
		<Unit filename="mech/ws/mechdef_fireshrike_FS-5FX_INIT.json" />
		<Unit filename="mech/ws/mechdef_flea_FLE-80.json" />
		<Unit filename="mech/ws/mechdef_flea_FLE-80_INIT.json" />
		<Unit filename="mech/ws/mechdef_grasshopper_GHR-WS.json" />
		<Unit filename="mech/ws/mechdef_jagermech_JM6-WS.json" />
		<Unit filename="mech/ws/mechdef_killer_KLR-86A.json" />
		<Unit filename="mech/ws/mechdef_lunatic_LNC-99.json" />
		<Unit filename="mech/ws/mechdef_lunatic_LNC-99X.json" />
		<Unit filename="mech/ws/mechdef_pest_P-7.json" />
		<Unit filename="mech/ws/mechdef_pest_P-7A.json" />
		<Unit filename="mech/ws/mechdef_pest_P-7_INIT.json" />
		<Unit filename="mech/ws/mechdef_wrathful_WRT-16.json" />
		<Unit filename="mod.json" />
		<Unit filename="mod.txt" />
		<Unit filename="modstate.json" />
		<Unit filename="movement/movedef_fireshrike_FS-5FX.json" />
		<Unit filename="movement/movedef_killer_KLR-86A.json" />
		<Unit filename="movement/movedef_lunatic_LNC-99.json" />
		<Unit filename="movement/movedef_pest_P-7.json" />
		<Unit filename="movement/movedef_wrathful_WRT-16.json" />
		<Unit filename="pilot_ability/TraitDefEvasiveChargeAddThree.json" />
		<Unit filename="pilot_ability/TraitDefMinRangeReduce135.json" />
		<Unit filename="pilot_ability/TraitDefMinRangeReduce180.json" />
		<Unit filename="pilot_ability/TraitDefUnsteadySet40.json" />
		<Unit filename="pilot_ability/TraitDefUnsteadySet50.json" />
		<Unit filename="pilot_ability/TraitDef_WS_ArmorStructure_Plus_01.json" />
		<Unit filename="pilot_ability/TraitDef_WS_ArmorStructure_Plus_02.json" />
		<Unit filename="pilot_ability/TraitDef_WS_ArmorStructure_Plus_03.json" />
		<Unit filename="pilot_ability/TraitDef_WS_ArmorStructure_Plus_04.json" />
		<Unit filename="pilot_ability/TraitDef_WS_ArmorStructure_Plus_05.json" />
		<Unit filename="pilot_ability/TraitDef_WS_ArmorStructure_Plus_06.json" />
		<Unit filename="pilot_ability/TraitDef_WS_ArmorStructure_Plus_07.json" />
		<Unit filename="pilot_ability/TraitDef_WS_ArmorStructure_Plus_08.json" />
		<Unit filename="pilot_ability/TraitDef_WS_ArmorStructure_Plus_09.json" />
		<Unit filename="pilot_ability/TraitDef_WS_ArmorStructure_Plus_10.json" />
		<Unit filename="pilot_ability/TraitDef_WS_ArmorStructure_Plus_11.json" />
		<Unit filename="pilot_ability/TraitDef_WS_ArmorStructure_Plus_12.json" />
		<Unit filename="pilot_ability/TraitDef_WS_ArmorStructure_Plus_13.json" />
		<Unit filename="pilot_ability/TraitDef_WS_ArmorStructure_Plus_14.json" />
		<Unit filename="pilot_ability/TraitDef_WS_ArmorStructure_Plus_15.json" />
		<Unit filename="pilot_ability/TraitDef_WS_Ballistic_Dodging_1.json" />
		<Unit filename="pilot_ability/TraitDef_WS_Ballistic_Dodging_2.json" />
		<Unit filename="pilot_ability/TraitDef_WS_DamageResist_01.json" />
		<Unit filename="pilot_ability/TraitDef_WS_DamageResist_02.json" />
		<Unit filename="pilot_ability/TraitDef_WS_DamageResist_03.json" />
		<Unit filename="pilot_ability/TraitDef_WS_DamageResist_04.json" />
		<Unit filename="pilot_ability/TraitDef_WS_DamageResist_05.json" />
		<Unit filename="pilot_ability/TraitDef_WS_DamageResist_Guts_01.json" />
		<Unit filename="pilot_ability/TraitDef_WS_DamageResist_Guts_02.json" />
		<Unit filename="pilot_ability/TraitDef_WS_DamageResist_Guts_03.json" />
		<Unit filename="pilot_ability/TraitDef_WS_DamageResist_Guts_04.json" />
		<Unit filename="pilot_ability/TraitDef_WS_DamageResist_Guts_05.json" />
		<Unit filename="pilot_ability/TraitDef_WS_DamageResist_Guts_06.json" />
		<Unit filename="pilot_ability/TraitDef_WS_DamageResist_Guts_07.json" />
		<Unit filename="pilot_ability/TraitDef_WS_DamageResist_Guts_08.json" />
		<Unit filename="pilot_ability/TraitDef_WS_DamageResist_Guts_09.json" />
		<Unit filename="pilot_ability/TraitDef_WS_DamageResist_Guts_10.json" />
		<Unit filename="pilot_ability/TraitDef_WS_DamageResist_Guts_11.json" />
		<Unit filename="pilot_ability/TraitDef_WS_DamageResist_Guts_12.json" />
		<Unit filename="pilot_ability/TraitDef_WS_DamageResist_Guts_13.json" />
		<Unit filename="pilot_ability/TraitDef_WS_DamageResist_Guts_14.json" />
		<Unit filename="pilot_ability/TraitDef_WS_DamageResist_Guts_15.json" />
		<Unit filename="pilot_ability/TraitDef_WS_Dodging_1.json" />
		<Unit filename="pilot_ability/TraitDef_WS_Dodging_2.json" />
		<Unit filename="pilot_ability/TraitDef_WS_Dodging_3.json" />
		<Unit filename="pilot_ability/TraitDef_WS_Dodging_4.json" />
		<Unit filename="pilot_ability/TraitDef_WS_Dodging_5.json" />
		<Unit filename="pilot_ability/TraitDef_WS_Jump_Plus10.json" />
		<Unit filename="pilot_ability/TraitDef_WS_Jump_Plus20.json" />
		<Unit filename="pilot_ability/TraitDef_WS_Jump_Plus30.json" />
		<Unit filename="pilot_ability/TraitDef_WS_Missle_Dodging_1.json" />
		<Unit filename="pilot_ability/TraitDef_WS_Missle_Dodging_2.json" />
		<Unit filename="pilot_ability/TraitDef_WS_Sensor_Range_01.json" />
		<Unit filename="pilot_ability/TraitDef_WS_Sensor_Range_02.json" />
		<Unit filename="pilot_ability/TraitDef_WS_Sensor_Range_03.json" />
		<Unit filename="pilot_ability/TraitDef_WS_Walk_Plus10.json" />
		<Unit filename="pilot_ability/TraitDef_WS_Walk_Plus20.json" />
		<Unit filename="pilot_ability/TraitDef_WS_Walk_Plus30.json" />
		<Unit filename="pilot_ability/TraitDef_WS_Weapon_Aim_Bonus_01.json" />
		<Unit filename="pilot_ability/TraitDef_WS_Weapon_Aim_Bonus_02.json" />
		<Unit filename="pilot_ability/TraitDef_WS_Weapon_Aim_Bonus_03.json" />
		<Unit filename="pilot_ability/TraitDef_WS_Weapon_Aim_Bonus_04.json" />
		<Unit filename="pilot_ability/TraitDef_WS_Weapon_Aim_Bonus_05.json" />
		<Unit filename="pilot_ability/TraitDef_WS_Weapon_Aim_Bonus_Ballistic_01.json" />
		<Unit filename="pilot_ability/TraitDef_WS_Weapon_Aim_Bonus_Ballistic_02.json" />
		<Unit filename="pilot_ability/TraitDef_WS_Weapon_Aim_Bonus_Ballistic_03.json" />
		<Unit filename="pilot_ability/TraitDef_WS_Weapon_Aim_Bonus_Ballistic_04.json" />
		<Unit filename="pilot_ability/TraitDef_WS_Weapon_Aim_Bonus_Ballistic_05.json" />
		<Unit filename="pilot_ability/TraitDef_WS_Weapon_Aim_Bonus_Energy_01.json" />
		<Unit filename="pilot_ability/TraitDef_WS_Weapon_Aim_Bonus_Energy_02.json" />
		<Unit filename="pilot_ability/TraitDef_WS_Weapon_Aim_Bonus_Energy_03.json" />
		<Unit filename="pilot_ability/TraitDef_WS_Weapon_Aim_Bonus_Energy_04.json" />
		<Unit filename="pilot_ability/TraitDef_WS_Weapon_Aim_Bonus_Energy_05.json" />
		<Unit filename="pilot_ability/TraitDef_WS_Weapon_Aim_Bonus_Missle_01.json" />
		<Unit filename="pilot_ability/TraitDef_WS_Weapon_Aim_Bonus_Missle_02.json" />
		<Unit filename="pilot_ability/TraitDef_WS_Weapon_Aim_Bonus_Missle_03.json" />
		<Unit filename="pilot_ability/TraitDef_WS_Weapon_Aim_Bonus_Missle_04.json" />
		<Unit filename="pilot_ability/TraitDef_WS_Weapon_Aim_Bonus_Missle_05.json" />
		<Unit filename="pilot_ability/TraitDef_WS_Weapon_Damage_Bonus_01.json" />
		<Unit filename="pilot_ability/TraitDef_WS_Weapon_Damage_Bonus_02.json" />
		<Unit filename="pilot_ability/TraitDef_WS_Weapon_Damage_Bonus_03.json" />
		<Unit filename="pilot_ability/TraitDef_WS_Weapon_Damage_Bonus_04.json" />
		<Unit filename="pilot_ability/TraitDef_WS_Weapon_Damage_Bonus_05.json" />
		<Unit filename="pilot_ability/TraitDef_WS_Weapon_Damage_Bonus_Ballistic_01.json" />
		<Unit filename="pilot_ability/TraitDef_WS_Weapon_Damage_Bonus_Ballistic_02.json" />
		<Unit filename="pilot_ability/TraitDef_WS_Weapon_Damage_Bonus_Ballistic_03.json" />
		<Unit filename="pilot_ability/TraitDef_WS_Weapon_Damage_Bonus_Energy_01.json" />
		<Unit filename="pilot_ability/TraitDef_WS_Weapon_Damage_Bonus_Energy_02.json" />
		<Unit filename="pilot_ability/TraitDef_WS_Weapon_Damage_Bonus_Energy_03.json" />
		<Unit filename="pilot_ability/TraitDef_WS_Weapon_Damage_Bonus_Missle_01.json" />
		<Unit filename="pilot_ability/TraitDef_WS_Weapon_Damage_Bonus_Missle_02.json" />
		<Unit filename="pilot_ability/TraitDef_WS_Weapon_Damage_Bonus_Missle_03.json" />
		<Unit filename="pilot_ability/TraitDef_WS_Weapon_Heat_Damage_Bonus_01.json" />
		<Unit filename="pilot_ability/TraitDef_WS_Weapon_Heat_Damage_Bonus_02.json" />
		<Unit filename="pilot_ability/TraitDef_WS_Weapon_Heat_Damage_Bonus_03.json" />
		<Unit filename="pilot_ability/TraitDef_WS_Weapon_Heat_Damage_Bonus_04.json" />
		<Unit filename="pilot_ability/TraitDef_WS_Weapon_Heat_Damage_Bonus_05.json" />
		<Unit filename="pilot_ability/TraitDef_WS_Weapon_Range_Bonus_01.json" />
		<Unit filename="pilot_ability/TraitDef_WS_Weapon_Range_Bonus_02.json" />
		<Unit filename="pilot_ability/TraitDef_WS_Weapon_Range_Bonus_03.json" />
		<Unit filename="pilot_ability/TraitDef_WS_Weapon_Range_Bonus_04.json" />
		<Unit filename="pilot_ability/TraitDef_WS_Weapon_Range_Bonus_05.json" />
		<Unit filename="pilot_ability/TraitDef_WS_Weapon_Range_Bonus_Ballistic_01.json" />
		<Unit filename="pilot_ability/TraitDef_WS_Weapon_Range_Bonus_Ballistic_02.json" />
		<Unit filename="pilot_ability/TraitDef_WS_Weapon_Range_Bonus_Ballistic_03.json" />
		<Unit filename="pilot_ability/TraitDef_WS_Weapon_Range_Bonus_Energy_01.json" />
		<Unit filename="pilot_ability/TraitDef_WS_Weapon_Range_Bonus_Energy_02.json" />
		<Unit filename="pilot_ability/TraitDef_WS_Weapon_Range_Bonus_Energy_03.json" />
		<Unit filename="pilot_ability/TraitDef_WS_Weapon_Range_Bonus_Missle_01.json" />
		<Unit filename="pilot_ability/TraitDef_WS_Weapon_Range_Bonus_Missle_02.json" />
		<Unit filename="pilot_ability/TraitDef_WS_Weapon_Range_Bonus_Missle_03.json" />
		<Unit filename="pilot_ability/TraitDef_WS_Weapon_Stability_Damage_Bonus_01.json" />
		<Unit filename="pilot_ability/TraitDef_WS_Weapon_Stability_Damage_Bonus_02.json" />
		<Unit filename="pilot_ability/TraitDef_WS_Weapon_Stability_Damage_Bonus_03.json" />
		<Unit filename="pilot_ability/TraitDef_WS_Weapon_Stability_Damage_Bonus_04.json" />
		<Unit filename="pilot_ability/TraitDef_WS_Weapon_Stability_Damage_Bonus_05.json" />
		<Unit filename="sprites_pilots/ws_img_pilot_Black_Fox.png" />
		<Unit filename="sprites_pilots/ws_img_pilot_Blade_Hawk.png" />
		<Unit filename="sprites_pilots/ws_img_pilot_Blood_Lightning.png" />
		<Unit filename="sprites_pilots/ws_img_pilot_Blue_Warrior.png" />
		<Unit filename="sprites_pilots/ws_img_pilot_Bronze_Wood.png" />
		<Unit filename="sprites_pilots/ws_img_pilot_Chrome_Puma.png" />
		<Unit filename="sprites_pilots/ws_img_pilot_Cobra.png" />
		<Unit filename="sprites_pilots/ws_img_pilot_Coolstone_Cat.png" />
		<Unit filename="sprites_pilots/ws_img_pilot_Copper_Fox.png" />
		<Unit filename="sprites_pilots/ws_img_pilot_Copper_Wolf.png" />
		<Unit filename="sprites_pilots/ws_img_pilot_Crystal_Stiletto.png" />
		<Unit filename="sprites_pilots/ws_img_pilot_Deep_Sky.png" />
		<Unit filename="sprites_pilots/ws_img_pilot_Defthand.png" />
		<Unit filename="sprites_pilots/ws_img_pilot_Desert_Sand.png" />
		<Unit filename="sprites_pilots/ws_img_pilot_Feral.png" />
		<Unit filename="sprites_pilots/ws_img_pilot_Firewalker.png" />
		<Unit filename="sprites_pilots/ws_img_pilot_Glass_Snake.png" />
		<Unit filename="sprites_pilots/ws_img_pilot_Golden_Light.png" />
		<Unit filename="sprites_pilots/ws_img_pilot_Golden_Sword.png" />
		<Unit filename="sprites_pilots/ws_img_pilot_Grand_Flight.png" />
		<Unit filename="sprites_pilots/ws_img_pilot_High_Road_Wolf.png" />
		<Unit filename="sprites_pilots/ws_img_pilot_Hot_Lightning.png" />
		<Unit filename="sprites_pilots/ws_img_pilot_Leopard_Blade.png" />
		<Unit filename="sprites_pilots/ws_img_pilot_Magic_Katana.png" />
		<Unit filename="sprites_pilots/ws_img_pilot_Magicland_Panther.png" />
		<Unit filename="sprites_pilots/ws_img_pilot_Morning_Windfire.png" />
		<Unit filename="sprites_pilots/ws_img_pilot_North_Forest.png" />
		<Unit filename="sprites_pilots/ws_img_pilot_Photon_Ninjato.png" />
		<Unit filename="sprites_pilots/ws_img_pilot_Pinewood.png" />
		<Unit filename="sprites_pilots/ws_img_pilot_Quickfighter.png" />
		<Unit filename="sprites_pilots/ws_img_pilot_Raging_Vitality.png" />
		<Unit filename="sprites_pilots/ws_img_pilot_Raptor.png" />
		<Unit filename="sprites_pilots/ws_img_pilot_Red_Thunder_Dawn.png" />
		<Unit filename="sprites_pilots/ws_img_pilot_Riverside_Cougar.png" />
		<Unit filename="sprites_pilots/ws_img_pilot_Shotgun.png" />
		<Unit filename="sprites_pilots/ws_img_pilot_Sky_Raven.png" />
		<Unit filename="sprites_pilots/ws_img_pilot_Solar_Glory.png" />
		<Unit filename="sprites_pilots/ws_img_pilot_Solar_Wind_Spellcaster.png" />
		<Unit filename="sprites_pilots/ws_img_pilot_Solar_Youth.png" />
		<Unit filename="sprites_pilots/ws_img_pilot_Spunk_Cutlass.png" />
		<Unit filename="sprites_pilots/ws_img_pilot_Summer_Wind.png" />
		<Unit filename="sprites_pilots/ws_img_pilot_Sun_Tiger.png" />
		<Unit filename="sprites_pilots/ws_img_pilot_Tall_Cloud.png" />
		<Unit filename="sprites_pilots/ws_img_pilot_Tall_Crystal_Sky.png" />
		<Unit filename="sprites_pilots/ws_img_pilot_Tall_Tornado_Wind.png" />
		<Unit filename="sprites_pilots/ws_img_pilot_Tigerland.png" />
		<Unit filename="sprites_pilots/ws_img_pilot_Tigerstone_1.png" />
		<Unit filename="sprites_pilots/ws_img_pilot_Tigerstone_2.png" />
		<Unit filename="sprites_pilots/ws_img_pilot_Tundrahawk.png" />
		<Unit filename="sprites_pilots/ws_img_pilot_White_Snake.png" />
		<Unit filename="sprites_pilots/ws_img_pilot_Wind_Fire.png" />
		<Unit filename="sprites_pilots/ws_img_pilot_Winter_Day.png" />
		<Unit filename="sprites_pilots/ws_img_pilot_Yellow_Viper.png" />
		<Unit filename="stats/StatusEffects.json" />
		<Unit filename="stats/StatusEffects_equip_buff.json" />
		<Unit filename="stats/StatusEffects_equip_debuff.json" />
		<Unit filename="stats/StatusEffects_templates.json" />
		<Unit filename="stats/StatusEffects_weapon_hit.json" />
		<Unit filename="stats/ammo_box.csv" />
		<Unit filename="stats/ammo_box.ods" />
		<Unit filename="stats/ammo_box.pdf" />
		<Unit filename="stats/ammo_box_template.json" />
		<Unit filename="stats/clean.js" />
		<Unit filename="stats/equipment.csv" />
		<Unit filename="stats/equipment.ods" />
		<Unit filename="stats/equipment.pdf" />
		<Unit filename="stats/equipment_template.json" />
		<Unit filename="stats/icon_dump/assets0.xml" />
		<Unit filename="stats/icon_dump/assets1.xml" />
		<Unit filename="stats/icon_dump/assets2.xml" />
		<Unit filename="stats/icons.json" />
		<Unit filename="stats/index.html" />
		<Unit filename="stats/item_descriptions.json" />
		<Unit filename="stats/parse_icon_names.js" />
		<Unit filename="stats/pilot_skirmish.csv" />
		<Unit filename="stats/pilot_skirmish.ods" />
		<Unit filename="stats/pilot_skirmish.pdf" />
		<Unit filename="stats/pilot_skirmish_template.json" />
		<Unit filename="stats/process js log.txt" />
		<Unit filename="stats/process.js" />
		<Unit filename="stats/weapon.csv" />
		<Unit filename="stats/weapon.json" />
		<Unit filename="stats/weapon.ods" />
		<Unit filename="stats/weapon.pdf" />
		<Extensions />
	</Project>
</CodeBlocks_project_file>
